// !$*UTF8*$!
{
	archiveVersion = 1;
	classes = {
	};
	objectVersion = 48;
	objects = {

/* Begin PBXBuildFile section */
		103FAEC82005226400385363 /* KeychainSwiftDistrib.swift in Sources */ = {isa = PBXBuildFile; fileRef = 103FAEC72005226400385363 /* KeychainSwiftDistrib.swift */; };
		103FAECA20052D7500385363 /* CustomGoogleSearch.swift in Sources */ = {isa = PBXBuildFile; fileRef = 103FAEC920052D7500385363 /* CustomGoogleSearch.swift */; };
		10EA3B091FF7DBB800A4EFBE /* Extensions.swift in Sources */ = {isa = PBXBuildFile; fileRef = 10EA3B081FF7DBB800A4EFBE /* Extensions.swift */; };
		10EA3B0D1FF8685100A4EFBE /* InteractableWindow.swift in Sources */ = {isa = PBXBuildFile; fileRef = 10EA3B0C1FF8685100A4EFBE /* InteractableWindow.swift */; };
		F018C12E41F655717A39807C /* Pods_HQ_Trivia_Master.framework in Frameworks */ = {isa = PBXBuildFile; fileRef = 62F905D06EF0C4DF7CC23CE3 /* Pods_HQ_Trivia_Master.framework */; };
		F7BF647D1FB3A13800EB8110 /* AnswerController.swift in Sources */ = {isa = PBXBuildFile; fileRef = F7BF647C1FB3A13800EB8110 /* AnswerController.swift */; };
		F7BF647F1FB3A14300EB8110 /* QuestionType.swift in Sources */ = {isa = PBXBuildFile; fileRef = F7BF647E1FB3A14300EB8110 /* QuestionType.swift */; };
		F7CB119D1FAAA4890040511B /* Shell.swift in Sources */ = {isa = PBXBuildFile; fileRef = F7CB119C1FAAA4890040511B /* Shell.swift */; };
		F7ED39C11FA95A3D009F8907 /* HQTriviaMaster.swift in Sources */ = {isa = PBXBuildFile; fileRef = F7ED39C01FA95A3D009F8907 /* HQTriviaMaster.swift */; };
		F7ED39C31FA95A3E009F8907 /* ViewController.swift in Sources */ = {isa = PBXBuildFile; fileRef = F7ED39C21FA95A3E009F8907 /* ViewController.swift */; };
		F7ED39C51FA95A3E009F8907 /* Assets.xcassets in Resources */ = {isa = PBXBuildFile; fileRef = F7ED39C41FA95A3E009F8907 /* Assets.xcassets */; };
		F7ED39C81FA95A3E009F8907 /* Main.storyboard in Resources */ = {isa = PBXBuildFile; fileRef = F7ED39C61FA95A3E009F8907 /* Main.storyboard */; };
		F7ED39ED1FA95F8B009F8907 /* SiteEncoding.swift in Sources */ = {isa = PBXBuildFile; fileRef = F7ED39EC1FA95F8B009F8907 /* SiteEncoding.swift */; };
		F7ED39F31FAA3A21009F8907 /* Google.swift in Sources */ = {isa = PBXBuildFile; fileRef = F7ED39F21FAA3A21009F8907 /* Google.swift */; };
		F7ED39F51FAA4C92009F8907 /* ScreenshotController.swift in Sources */ = {isa = PBXBuildFile; fileRef = F7ED39F41FAA4C92009F8907 /* ScreenshotController.swift */; };
/* End PBXBuildFile section */

/* Begin PBXFileReference section */
		05B1FBEA7E29623D0E1780AE /* Pods_HQ_Trivia_MasterUITests.framework */ = {isa = PBXFileReference; explicitFileType = wrapper.framework; includeInIndex = 0; path = Pods_HQ_Trivia_MasterUITests.framework; sourceTree = BUILT_PRODUCTS_DIR; };
		0F0124CE93C6B6FBDF55B6DC /* Pods-HQ Trivia MasterUITests.debug.xcconfig */ = {isa = PBXFileReference; includeInIndex = 1; lastKnownFileType = text.xcconfig; name = "Pods-HQ Trivia MasterUITests.debug.xcconfig"; path = "Pods/Target Support Files/Pods-HQ Trivia MasterUITests/Pods-HQ Trivia MasterUITests.debug.xcconfig"; sourceTree = "<group>"; };
		103FAEC72005226400385363 /* KeychainSwiftDistrib.swift */ = {isa = PBXFileReference; fileEncoding = 4; lastKnownFileType = sourcecode.swift; path = KeychainSwiftDistrib.swift; sourceTree = "<group>"; };
		103FAEC920052D7500385363 /* CustomGoogleSearch.swift */ = {isa = PBXFileReference; lastKnownFileType = sourcecode.swift; path = CustomGoogleSearch.swift; sourceTree = "<group>"; };
		10EA3B081FF7DBB800A4EFBE /* Extensions.swift */ = {isa = PBXFileReference; lastKnownFileType = sourcecode.swift; path = Extensions.swift; sourceTree = "<group>"; };
		10EA3B0B1FF7EEA200A4EFBE /* HQ Trivia Master.entitlements */ = {isa = PBXFileReference; lastKnownFileType = text.plist.entitlements; path = "HQ Trivia Master.entitlements"; sourceTree = "<group>"; };
		10EA3B0C1FF8685100A4EFBE /* InteractableWindow.swift */ = {isa = PBXFileReference; lastKnownFileType = sourcecode.swift; path = InteractableWindow.swift; sourceTree = "<group>"; };
		1E9D1FEFF27490CA6D03DD58 /* Pods-HQ Trivia MasterTests.debug.xcconfig */ = {isa = PBXFileReference; includeInIndex = 1; lastKnownFileType = text.xcconfig; name = "Pods-HQ Trivia MasterTests.debug.xcconfig"; path = "Pods/Target Support Files/Pods-HQ Trivia MasterTests/Pods-HQ Trivia MasterTests.debug.xcconfig"; sourceTree = "<group>"; };
		23EFCF8C9B1F9BB7FBA158DA /* Pods-HQ Trivia MasterUITests.release.xcconfig */ = {isa = PBXFileReference; includeInIndex = 1; lastKnownFileType = text.xcconfig; name = "Pods-HQ Trivia MasterUITests.release.xcconfig"; path = "Pods/Target Support Files/Pods-HQ Trivia MasterUITests/Pods-HQ Trivia MasterUITests.release.xcconfig"; sourceTree = "<group>"; };
		5CFDE94D93D872ECD99D64E5 /* Pods-HQ Trivia Master.release.xcconfig */ = {isa = PBXFileReference; includeInIndex = 1; lastKnownFileType = text.xcconfig; name = "Pods-HQ Trivia Master.release.xcconfig"; path = "Pods/Target Support Files/Pods-HQ Trivia Master/Pods-HQ Trivia Master.release.xcconfig"; sourceTree = "<group>"; };
		62F905D06EF0C4DF7CC23CE3 /* Pods_HQ_Trivia_Master.framework */ = {isa = PBXFileReference; explicitFileType = wrapper.framework; includeInIndex = 0; path = Pods_HQ_Trivia_Master.framework; sourceTree = BUILT_PRODUCTS_DIR; };
		97BC2E51F3AB86022081E3ED /* Pods_HQ_Trivia_MasterTests.framework */ = {isa = PBXFileReference; explicitFileType = wrapper.framework; includeInIndex = 0; path = Pods_HQ_Trivia_MasterTests.framework; sourceTree = BUILT_PRODUCTS_DIR; };
		BC7E7B2A149056AF5E5AEC7A /* Pods-HQ Trivia Master.debug.xcconfig */ = {isa = PBXFileReference; includeInIndex = 1; lastKnownFileType = text.xcconfig; name = "Pods-HQ Trivia Master.debug.xcconfig"; path = "Pods/Target Support Files/Pods-HQ Trivia Master/Pods-HQ Trivia Master.debug.xcconfig"; sourceTree = "<group>"; };
		F7BF647C1FB3A13800EB8110 /* AnswerController.swift */ = {isa = PBXFileReference; lastKnownFileType = sourcecode.swift; path = AnswerController.swift; sourceTree = "<group>"; };
		F7BF647E1FB3A14300EB8110 /* QuestionType.swift */ = {isa = PBXFileReference; lastKnownFileType = sourcecode.swift; path = QuestionType.swift; sourceTree = "<group>"; };
		F7CB119C1FAAA4890040511B /* Shell.swift */ = {isa = PBXFileReference; lastKnownFileType = sourcecode.swift; path = Shell.swift; sourceTree = "<group>"; };
		F7CB119F1FAAB94D0040511B /* iPicUploader.framework */ = {isa = PBXFileReference; explicitFileType = wrapper.framework; path = iPicUploader.framework; sourceTree = BUILT_PRODUCTS_DIR; };
		F7CF6A4F1FAA910600CEB8A1 /* libc++.tbd */ = {isa = PBXFileReference; lastKnownFileType = "sourcecode.text-based-dylib-definition"; name = "libc++.tbd"; path = "usr/lib/libc++.tbd"; sourceTree = SDKROOT; };
		F7ED39BD1FA95A3D009F8907 /* HQ Trivia Master.app */ = {isa = PBXFileReference; explicitFileType = wrapper.application; includeInIndex = 0; path = "HQ Trivia Master.app"; sourceTree = BUILT_PRODUCTS_DIR; };
		F7ED39C01FA95A3D009F8907 /* HQTriviaMaster.swift */ = {isa = PBXFileReference; lastKnownFileType = sourcecode.swift; path = HQTriviaMaster.swift; sourceTree = "<group>"; };
		F7ED39C21FA95A3E009F8907 /* ViewController.swift */ = {isa = PBXFileReference; lastKnownFileType = sourcecode.swift; path = ViewController.swift; sourceTree = "<group>"; };
		F7ED39C41FA95A3E009F8907 /* Assets.xcassets */ = {isa = PBXFileReference; lastKnownFileType = folder.assetcatalog; path = Assets.xcassets; sourceTree = "<group>"; };
		F7ED39C71FA95A3E009F8907 /* Base */ = {isa = PBXFileReference; lastKnownFileType = file.storyboard; name = Base; path = Base.lproj/Main.storyboard; sourceTree = "<group>"; };
		F7ED39C91FA95A3E009F8907 /* Info.plist */ = {isa = PBXFileReference; lastKnownFileType = text.plist.xml; path = Info.plist; sourceTree = "<group>"; };
		F7ED39EC1FA95F8B009F8907 /* SiteEncoding.swift */ = {isa = PBXFileReference; lastKnownFileType = sourcecode.swift; path = SiteEncoding.swift; sourceTree = "<group>"; };
		F7ED39F21FAA3A21009F8907 /* Google.swift */ = {isa = PBXFileReference; lastKnownFileType = sourcecode.swift; path = Google.swift; sourceTree = "<group>"; };
		F7ED39F41FAA4C92009F8907 /* ScreenshotController.swift */ = {isa = PBXFileReference; lastKnownFileType = sourcecode.swift; path = ScreenshotController.swift; sourceTree = "<group>"; };
		FEBD7D5CC9C88F8BDF4BC2E0 /* Pods-HQ Trivia MasterTests.release.xcconfig */ = {isa = PBXFileReference; includeInIndex = 1; lastKnownFileType = text.xcconfig; name = "Pods-HQ Trivia MasterTests.release.xcconfig"; path = "Pods/Target Support Files/Pods-HQ Trivia MasterTests/Pods-HQ Trivia MasterTests.release.xcconfig"; sourceTree = "<group>"; };
/* End PBXFileReference section */

/* Begin PBXFrameworksBuildPhase section */
		F7ED39BA1FA95A3D009F8907 /* Frameworks */ = {
			isa = PBXFrameworksBuildPhase;
			buildActionMask = 2147483647;
			files = (
				F018C12E41F655717A39807C /* Pods_HQ_Trivia_Master.framework in Frameworks */,
			);
			runOnlyForDeploymentPostprocessing = 0;
		};
/* End PBXFrameworksBuildPhase section */

/* Begin PBXGroup section */
		5CDD8F90E1D9E61DBBFACBB0 /* Frameworks */ = {
			isa = PBXGroup;
			children = (
				F7CB119F1FAAB94D0040511B /* iPicUploader.framework */,
				F7CF6A4F1FAA910600CEB8A1 /* libc++.tbd */,
				62F905D06EF0C4DF7CC23CE3 /* Pods_HQ_Trivia_Master.framework */,
				97BC2E51F3AB86022081E3ED /* Pods_HQ_Trivia_MasterTests.framework */,
				05B1FBEA7E29623D0E1780AE /* Pods_HQ_Trivia_MasterUITests.framework */,
			);
			name = Frameworks;
			sourceTree = "<group>";
		};
		CABDB3509342B4B3062F5BB4 /* Pods */ = {
			isa = PBXGroup;
			children = (
				BC7E7B2A149056AF5E5AEC7A /* Pods-HQ Trivia Master.debug.xcconfig */,
				5CFDE94D93D872ECD99D64E5 /* Pods-HQ Trivia Master.release.xcconfig */,
				1E9D1FEFF27490CA6D03DD58 /* Pods-HQ Trivia MasterTests.debug.xcconfig */,
				FEBD7D5CC9C88F8BDF4BC2E0 /* Pods-HQ Trivia MasterTests.release.xcconfig */,
				0F0124CE93C6B6FBDF55B6DC /* Pods-HQ Trivia MasterUITests.debug.xcconfig */,
				23EFCF8C9B1F9BB7FBA158DA /* Pods-HQ Trivia MasterUITests.release.xcconfig */,
			);
			name = Pods;
			sourceTree = "<group>";
		};
		F7233D1A1FAFDD0C0076413C /* Website Controllers */ = {
			isa = PBXGroup;
			children = (
				F7ED39F21FAA3A21009F8907 /* Google.swift */,
			);
			path = "Website Controllers";
			sourceTree = "<group>";
		};
		F7BF64801FB3A14C00EB8110 /* Supporting Files */ = {
			isa = PBXGroup;
			children = (
				103FAEC72005226400385363 /* KeychainSwiftDistrib.swift */,
				10EA3B0B1FF7EEA200A4EFBE /* HQ Trivia Master.entitlements */,
				F7ED39C91FA95A3E009F8907 /* Info.plist */,
				F7ED39C41FA95A3E009F8907 /* Assets.xcassets */,
			);
			path = "Supporting Files";
			sourceTree = "<group>";
		};
		F7ED39B41FA95A3D009F8907 = {
			isa = PBXGroup;
			children = (
				F7ED39BF1FA95A3D009F8907 /* HQ Trivia Master */,
				F7ED39BE1FA95A3D009F8907 /* Products */,
				CABDB3509342B4B3062F5BB4 /* Pods */,
				5CDD8F90E1D9E61DBBFACBB0 /* Frameworks */,
			);
			sourceTree = "<group>";
		};
		F7ED39BE1FA95A3D009F8907 /* Products */ = {
			isa = PBXGroup;
			children = (
				F7ED39BD1FA95A3D009F8907 /* HQ Trivia Master.app */,
			);
			name = Products;
			sourceTree = "<group>";
		};
		F7ED39BF1FA95A3D009F8907 /* HQ Trivia Master */ = {
			isa = PBXGroup;
			children = (
				F7BF64801FB3A14C00EB8110 /* Supporting Files */,
				F7233D1A1FAFDD0C0076413C /* Website Controllers */,
				F7BF647C1FB3A13800EB8110 /* AnswerController.swift */,
				103FAEC920052D7500385363 /* CustomGoogleSearch.swift */,
				10EA3B081FF7DBB800A4EFBE /* Extensions.swift */,
				F7ED39C01FA95A3D009F8907 /* HQTriviaMaster.swift */,
				10EA3B0C1FF8685100A4EFBE /* InteractableWindow.swift */,
				F7BF647E1FB3A14300EB8110 /* QuestionType.swift */,
				F7ED39F41FAA4C92009F8907 /* ScreenshotController.swift */,
				F7CB119C1FAAA4890040511B /* Shell.swift */,
				F7ED39EC1FA95F8B009F8907 /* SiteEncoding.swift */,
				F7ED39C21FA95A3E009F8907 /* ViewController.swift */,
				F7ED39C61FA95A3E009F8907 /* Main.storyboard */,
			);
			path = "HQ Trivia Master";
			sourceTree = "<group>";
		};
/* End PBXGroup section */

/* Begin PBXNativeTarget section */
		F7ED39BC1FA95A3D009F8907 /* HQ Trivia Master */ = {
			isa = PBXNativeTarget;
			buildConfigurationList = F7ED39E31FA95A3E009F8907 /* Build configuration list for PBXNativeTarget "HQ Trivia Master" */;
			buildPhases = (
				33D7D8BBF351654AA648EB3E /* [CP] Check Pods Manifest.lock */,
				F7ED39B91FA95A3D009F8907 /* Sources */,
				F7ED39BA1FA95A3D009F8907 /* Frameworks */,
				F7ED39BB1FA95A3D009F8907 /* Resources */,
				BE981E7F3E8FD6CE834B8F1F /* [CP] Embed Pods Frameworks */,
				EC6859EC35C1DCC68D0F4EA7 /* [CP] Copy Pods Resources */,
			);
			buildRules = (
			);
			dependencies = (
			);
			name = "HQ Trivia Master";
			productName = "HQ Trivia Master";
			productReference = F7ED39BD1FA95A3D009F8907 /* HQ Trivia Master.app */;
			productType = "com.apple.product-type.application";
		};
/* End PBXNativeTarget section */

/* Begin PBXProject section */
		F7ED39B51FA95A3D009F8907 /* Project object */ = {
			isa = PBXProject;
			attributes = {
				LastSwiftUpdateCheck = 0900;
				LastUpgradeCheck = 0900;
				ORGANIZATIONNAME = "Daniel Smith";
				TargetAttributes = {
					F7ED39BC1FA95A3D009F8907 = {
						CreatedOnToolsVersion = 9.0.1;
						ProvisioningStyle = Automatic;
						SystemCapabilities = {
							com.apple.Sandbox = {
								enabled = 0;
							};
						};
					};
				};
			};
			buildConfigurationList = F7ED39B81FA95A3D009F8907 /* Build configuration list for PBXProject "HQ Trivia Master" */;
			compatibilityVersion = "Xcode 8.0";
			developmentRegion = en;
			hasScannedForEncodings = 0;
			knownRegions = (
				en,
				Base,
			);
			mainGroup = F7ED39B41FA95A3D009F8907;
			productRefGroup = F7ED39BE1FA95A3D009F8907 /* Products */;
			projectDirPath = "";
			projectRoot = "";
			targets = (
				F7ED39BC1FA95A3D009F8907 /* HQ Trivia Master */,
			);
		};
/* End PBXProject section */

/* Begin PBXResourcesBuildPhase section */
		F7ED39BB1FA95A3D009F8907 /* Resources */ = {
			isa = PBXResourcesBuildPhase;
			buildActionMask = 2147483647;
			files = (
				F7ED39C51FA95A3E009F8907 /* Assets.xcassets in Resources */,
				F7ED39C81FA95A3E009F8907 /* Main.storyboard in Resources */,
			);
			runOnlyForDeploymentPostprocessing = 0;
		};
/* End PBXResourcesBuildPhase section */

/* Begin PBXShellScriptBuildPhase section */
		33D7D8BBF351654AA648EB3E /* [CP] Check Pods Manifest.lock */ = {
			isa = PBXShellScriptBuildPhase;
			buildActionMask = 2147483647;
			files = (
			);
			inputPaths = (
				"${PODS_PODFILE_DIR_PATH}/Podfile.lock",
				"${PODS_ROOT}/Manifest.lock",
			);
			name = "[CP] Check Pods Manifest.lock";
			outputPaths = (
				"$(DERIVED_FILE_DIR)/Pods-HQ Trivia Master-checkManifestLockResult.txt",
			);
			runOnlyForDeploymentPostprocessing = 0;
			shellPath = /bin/sh;
			shellScript = "diff \"${PODS_PODFILE_DIR_PATH}/Podfile.lock\" \"${PODS_ROOT}/Manifest.lock\" > /dev/null\nif [ $? != 0 ] ; then\n    # print error to STDERR\n    echo \"error: The sandbox is not in sync with the Podfile.lock. Run 'pod install' or update your CocoaPods installation.\" >&2\n    exit 1\nfi\n# This output is used by Xcode 'outputs' to avoid re-running this script phase.\necho \"SUCCESS\" > \"${SCRIPT_OUTPUT_FILE_0}\"\n";
			showEnvVarsInLog = 0;
		};
		BE981E7F3E8FD6CE834B8F1F /* [CP] Embed Pods Frameworks */ = {
			isa = PBXShellScriptBuildPhase;
			buildActionMask = 2147483647;
			files = (
			);
			inputPaths = (
				"${SRCROOT}/Pods/Target Support Files/Pods-HQ Trivia Master/Pods-HQ Trivia Master-frameworks.sh",
				"${BUILT_PRODUCTS_DIR}/GPUImage/GPUImage.framework",
			);
			name = "[CP] Embed Pods Frameworks";
			outputPaths = (
				"${TARGET_BUILD_DIR}/${FRAMEWORKS_FOLDER_PATH}/GPUImage.framework",
			);
			runOnlyForDeploymentPostprocessing = 0;
			shellPath = /bin/sh;
			shellScript = "\"${SRCROOT}/Pods/Target Support Files/Pods-HQ Trivia Master/Pods-HQ Trivia Master-frameworks.sh\"\n";
			showEnvVarsInLog = 0;
		};
		EC6859EC35C1DCC68D0F4EA7 /* [CP] Copy Pods Resources */ = {
			isa = PBXShellScriptBuildPhase;
			buildActionMask = 2147483647;
			files = (
			);
			inputPaths = (
			);
			name = "[CP] Copy Pods Resources";
			outputPaths = (
			);
			runOnlyForDeploymentPostprocessing = 0;
			shellPath = /bin/sh;
			shellScript = "\"${SRCROOT}/Pods/Target Support Files/Pods-HQ Trivia Master/Pods-HQ Trivia Master-resources.sh\"\n";
			showEnvVarsInLog = 0;
		};
/* End PBXShellScriptBuildPhase section */

/* Begin PBXSourcesBuildPhase section */
		F7ED39B91FA95A3D009F8907 /* Sources */ = {
			isa = PBXSourcesBuildPhase;
			buildActionMask = 2147483647;
			files = (
				F7ED39F31FAA3A21009F8907 /* Google.swift in Sources */,
				F7BF647F1FB3A14300EB8110 /* QuestionType.swift in Sources */,
				F7ED39ED1FA95F8B009F8907 /* SiteEncoding.swift in Sources */,
				10EA3B0D1FF8685100A4EFBE /* InteractableWindow.swift in Sources */,
				103FAECA20052D7500385363 /* CustomGoogleSearch.swift in Sources */,
				F7CB119D1FAAA4890040511B /* Shell.swift in Sources */,
				F7ED39C31FA95A3E009F8907 /* ViewController.swift in Sources */,
				10EA3B091FF7DBB800A4EFBE /* Extensions.swift in Sources */,
				F7ED39C11FA95A3D009F8907 /* HQTriviaMaster.swift in Sources */,
				F7BF647D1FB3A13800EB8110 /* AnswerController.swift in Sources */,
				F7ED39F51FAA4C92009F8907 /* ScreenshotController.swift in Sources */,
				103FAEC82005226400385363 /* KeychainSwiftDistrib.swift in Sources */,
			);
			runOnlyForDeploymentPostprocessing = 0;
		};
/* End PBXSourcesBuildPhase section */

/* Begin PBXVariantGroup section */
		F7ED39C61FA95A3E009F8907 /* Main.storyboard */ = {
			isa = PBXVariantGroup;
			children = (
				F7ED39C71FA95A3E009F8907 /* Base */,
			);
			name = Main.storyboard;
			sourceTree = "<group>";
		};
/* End PBXVariantGroup section */

/* Begin XCBuildConfiguration section */
		F7ED39E11FA95A3E009F8907 /* Debug */ = {
			isa = XCBuildConfiguration;
			buildSettings = {
				ALWAYS_SEARCH_USER_PATHS = NO;
				CLANG_ANALYZER_NONNULL = YES;
				CLANG_ANALYZER_NUMBER_OBJECT_CONVERSION = YES_AGGRESSIVE;
				CLANG_CXX_LANGUAGE_STANDARD = "gnu++14";
				CLANG_CXX_LIBRARY = "libc++";
				CLANG_ENABLE_MODULES = YES;
				CLANG_ENABLE_OBJC_ARC = YES;
				CLANG_WARN_BLOCK_CAPTURE_AUTORELEASING = YES;
				CLANG_WARN_BOOL_CONVERSION = YES;
				CLANG_WARN_COMMA = YES;
				CLANG_WARN_CONSTANT_CONVERSION = YES;
				CLANG_WARN_DIRECT_OBJC_ISA_USAGE = YES_ERROR;
				CLANG_WARN_DOCUMENTATION_COMMENTS = YES;
				CLANG_WARN_EMPTY_BODY = YES;
				CLANG_WARN_ENUM_CONVERSION = YES;
				CLANG_WARN_INFINITE_RECURSION = YES;
				CLANG_WARN_INT_CONVERSION = YES;
				CLANG_WARN_NON_LITERAL_NULL_CONVERSION = YES;
				CLANG_WARN_OBJC_LITERAL_CONVERSION = YES;
				CLANG_WARN_OBJC_ROOT_CLASS = YES_ERROR;
				CLANG_WARN_RANGE_LOOP_ANALYSIS = YES;
				CLANG_WARN_STRICT_PROTOTYPES = YES;
				CLANG_WARN_SUSPICIOUS_MOVE = YES;
				CLANG_WARN_UNGUARDED_AVAILABILITY = YES_AGGRESSIVE;
				CLANG_WARN_UNREACHABLE_CODE = YES;
				CLANG_WARN__DUPLICATE_METHOD_MATCH = YES;
				CODE_SIGN_IDENTITY = "Mac Developer";
				COPY_PHASE_STRIP = NO;
				DEBUG_INFORMATION_FORMAT = dwarf;
				ENABLE_STRICT_OBJC_MSGSEND = YES;
				ENABLE_TESTABILITY = YES;
				GCC_C_LANGUAGE_STANDARD = gnu11;
				GCC_DYNAMIC_NO_PIC = NO;
				GCC_NO_COMMON_BLOCKS = YES;
				GCC_OPTIMIZATION_LEVEL = 0;
				GCC_PREPROCESSOR_DEFINITIONS = (
					"DEBUG=1",
					"$(inherited)",
				);
				GCC_WARN_64_TO_32_BIT_CONVERSION = YES;
				GCC_WARN_ABOUT_RETURN_TYPE = YES_ERROR;
				GCC_WARN_UNDECLARED_SELECTOR = YES;
				GCC_WARN_UNINITIALIZED_AUTOS = YES_AGGRESSIVE;
				GCC_WARN_UNUSED_FUNCTION = YES;
				GCC_WARN_UNUSED_VARIABLE = YES;
				MACOSX_DEPLOYMENT_TARGET = 10.13;
				MTL_ENABLE_DEBUG_INFO = YES;
				ONLY_ACTIVE_ARCH = YES;
				SDKROOT = macosx;
				SWIFT_ACTIVE_COMPILATION_CONDITIONS = DEBUG;
				SWIFT_OPTIMIZATION_LEVEL = "-Onone";
			};
			name = Debug;
		};
		F7ED39E21FA95A3E009F8907 /* Release */ = {
			isa = XCBuildConfiguration;
			buildSettings = {
				ALWAYS_SEARCH_USER_PATHS = NO;
				CLANG_ANALYZER_NONNULL = YES;
				CLANG_ANALYZER_NUMBER_OBJECT_CONVERSION = YES_AGGRESSIVE;
				CLANG_CXX_LANGUAGE_STANDARD = "gnu++14";
				CLANG_CXX_LIBRARY = "libc++";
				CLANG_ENABLE_MODULES = YES;
				CLANG_ENABLE_OBJC_ARC = YES;
				CLANG_WARN_BLOCK_CAPTURE_AUTORELEASING = YES;
				CLANG_WARN_BOOL_CONVERSION = YES;
				CLANG_WARN_COMMA = YES;
				CLANG_WARN_CONSTANT_CONVERSION = YES;
				CLANG_WARN_DIRECT_OBJC_ISA_USAGE = YES_ERROR;
				CLANG_WARN_DOCUMENTATION_COMMENTS = YES;
				CLANG_WARN_EMPTY_BODY = YES;
				CLANG_WARN_ENUM_CONVERSION = YES;
				CLANG_WARN_INFINITE_RECURSION = YES;
				CLANG_WARN_INT_CONVERSION = YES;
				CLANG_WARN_NON_LITERAL_NULL_CONVERSION = YES;
				CLANG_WARN_OBJC_LITERAL_CONVERSION = YES;
				CLANG_WARN_OBJC_ROOT_CLASS = YES_ERROR;
				CLANG_WARN_RANGE_LOOP_ANALYSIS = YES;
				CLANG_WARN_STRICT_PROTOTYPES = YES;
				CLANG_WARN_SUSPICIOUS_MOVE = YES;
				CLANG_WARN_UNGUARDED_AVAILABILITY = YES_AGGRESSIVE;
				CLANG_WARN_UNREACHABLE_CODE = YES;
				CLANG_WARN__DUPLICATE_METHOD_MATCH = YES;
				CODE_SIGN_IDENTITY = "Mac Developer";
				COPY_PHASE_STRIP = NO;
				DEBUG_INFORMATION_FORMAT = "dwarf-with-dsym";
				ENABLE_NS_ASSERTIONS = NO;
				ENABLE_STRICT_OBJC_MSGSEND = YES;
				GCC_C_LANGUAGE_STANDARD = gnu11;
				GCC_NO_COMMON_BLOCKS = YES;
				GCC_WARN_64_TO_32_BIT_CONVERSION = YES;
				GCC_WARN_ABOUT_RETURN_TYPE = YES_ERROR;
				GCC_WARN_UNDECLARED_SELECTOR = YES;
				GCC_WARN_UNINITIALIZED_AUTOS = YES_AGGRESSIVE;
				GCC_WARN_UNUSED_FUNCTION = YES;
				GCC_WARN_UNUSED_VARIABLE = YES;
				MACOSX_DEPLOYMENT_TARGET = 10.13;
				MTL_ENABLE_DEBUG_INFO = NO;
				SDKROOT = macosx;
				SWIFT_OPTIMIZATION_LEVEL = "-Owholemodule";
			};
			name = Release;
		};
		F7ED39E41FA95A3E009F8907 /* Debug */ = {
			isa = XCBuildConfiguration;
			baseConfigurationReference = BC7E7B2A149056AF5E5AEC7A /* Pods-HQ Trivia Master.debug.xcconfig */;
			buildSettings = {
				ASSETCATALOG_COMPILER_APPICON_NAME = AppIcon;
				CODE_SIGN_IDENTITY = "Mac Developer";
				CODE_SIGN_STYLE = Automatic;
				COMBINE_HIDPI_IMAGES = YES;
				DEVELOPMENT_TEAM = 7SSRC7UGJ6;
				FRAMEWORK_SEARCH_PATHS = (
					"$(inherited)",
					"$(PROJECT_DIR)",
				);
				INFOPLIST_FILE = "$(SRCROOT)/HQ Trivia Master/Supporting Files/Info.plist";
				LD_RUNPATH_SEARCH_PATHS = "$(inherited) @executable_path/../Frameworks";
				MACOSX_DEPLOYMENT_TARGET = 10.13;
				PRODUCT_BUNDLE_IDENTIFIER = "com.danismithproductions.HQ-Trivia-Master";
				PRODUCT_NAME = "$(TARGET_NAME)";
				PROVISIONING_PROFILE_SPECIFIER = "";
				SWIFT_VERSION = 4.0;
			};
			name = Debug;
		};
		F7ED39E51FA95A3E009F8907 /* Release */ = {
			isa = XCBuildConfiguration;
			baseConfigurationReference = 5CFDE94D93D872ECD99D64E5 /* Pods-HQ Trivia Master.release.xcconfig */;
			buildSettings = {
				ASSETCATALOG_COMPILER_APPICON_NAME = AppIcon;
				CODE_SIGN_IDENTITY = "Mac Developer";
				CODE_SIGN_STYLE = Automatic;
				COMBINE_HIDPI_IMAGES = YES;
				DEVELOPMENT_TEAM = 7SSRC7UGJ6;
				FRAMEWORK_SEARCH_PATHS = (
					"$(inherited)",
					"$(PROJECT_DIR)",
				);
				INFOPLIST_FILE = "$(SRCROOT)/HQ Trivia Master/Supporting Files/Info.plist";
				LD_RUNPATH_SEARCH_PATHS = "$(inherited) @executable_path/../Frameworks";
				MACOSX_DEPLOYMENT_TARGET = 10.13;
				PRODUCT_BUNDLE_IDENTIFIER = "com.danismithproductions.HQ-Trivia-Master";
				PRODUCT_NAME = "$(TARGET_NAME)";
				PROVISIONING_PROFILE_SPECIFIER = "";
				SWIFT_VERSION = 4.0;
			};
			name = Release;
		};
/* End XCBuildConfiguration section */

/* Begin XCConfigurationList section */
		F7ED39B81FA95A3D009F8907 /* Build configuration list for PBXProject "HQ Trivia Master" */ = {
			isa = XCConfigurationList;
			buildConfigurations = (
				F7ED39E11FA95A3E009F8907 /* Debug */,
				F7ED39E21FA95A3E009F8907 /* Release */,
			);
			defaultConfigurationIsVisible = 0;
			defaultConfigurationName = Release;
		};
		F7ED39E31FA95A3E009F8907 /* Build configuration list for PBXNativeTarget "HQ Trivia Master" */ = {
			isa = XCConfigurationList;
			buildConfigurations = (
				F7ED39E41FA95A3E009F8907 /* Debug */,
				F7ED39E51FA95A3E009F8907 /* Release */,
			);
			defaultConfigurationIsVisible = 0;
			defaultConfigurationName = Release;
		};
/* End XCConfigurationList section */
	};
	rootObject = F7ED39B51FA95A3D009F8907 /* Project object */;
}
